<?xml version="1.0" encoding="utf-8"?>
<Project ToolsVersion="4.0" xmlns="http://schemas.microsoft.com/developer/msbuild/2003">
  <ItemGroup>
    <Filter Include="Source Files">
      <UniqueIdentifier>{4FC737F1-C7A5-4376-A066-2A32D752A2FF}</UniqueIdentifier>
      <Extensions>cpp;c;cc;cxx;def;odl;idl;hpj;bat;asm;asmx</Extensions>
    </Filter>
    <Filter Include="Header Files">
      <UniqueIdentifier>{93995380-89BD-4b04-88EB-625FBE52EBFB}</UniqueIdentifier>
      <Extensions>h;hh;hpp;hxx;hm;inl;inc;ipp;xsd</Extensions>
    </Filter>
    <Filter Include="Resource Files">
      <UniqueIdentifier>{67DA6AB6-F800-4c08-8B7A-83BB121AAD01}</UniqueIdentifier>
      <Extensions>rc;ico;cur;bmp;dlg;rc2;rct;bin;rgs;gif;jpg;jpeg;jpe;resx;tiff;tif;png;wav;mfcribbon-ms</Extensions>
    </Filter>
    <Filter Include="Header Files\GameObjects">
      <UniqueIdentifier>{49a6c766-0760-4b88-9caa-dd47b744b9c2}</UniqueIdentifier>
    </Filter>
    <Filter Include="Source Files\GameObjects">
      <UniqueIdentifier>{0677c2ef-a89a-4cf2-a01c-b93e71e171ec}</UniqueIdentifier>
    </Filter>
    <Filter Include="Source Files\Pathfinding">
      <UniqueIdentifier>{fae68f43-6857-4b18-97f5-28fddca03634}</UniqueIdentifier>
    </Filter>
    <Filter Include="Header Files\Pathfinding">
      <UniqueIdentifier>{6e5472da-1a68-49ec-85b6-1e0add2adc8b}</UniqueIdentifier>
    </Filter>
    <Filter Include="Header Files\GameObjects\Walls">
      <UniqueIdentifier>{84ca2aae-e08b-4d33-b17f-21e3e16f8def}</UniqueIdentifier>
    </Filter>
    <Filter Include="Source Files\GameObjects\Walls">
      <UniqueIdentifier>{f865b9ca-d9f2-4199-83e3-90cca4f53066}</UniqueIdentifier>
    </Filter>
    <Filter Include="Header Files\GameObjects\Items">
      <UniqueIdentifier>{ecd4bf7c-e434-4638-8b9c-3177a6f0bd43}</UniqueIdentifier>
    </Filter>
    <Filter Include="Source Files\GameObjects\Items">
      <UniqueIdentifier>{3b6aa170-ca1a-46c3-8cb8-38585a968e1b}</UniqueIdentifier>
    </Filter>
    <Filter Include="Header Files\GameObjects\DynamicObjects">
      <UniqueIdentifier>{f06067fd-e0cf-4171-b84d-f9c244632573}</UniqueIdentifier>
    </Filter>
    <Filter Include="Header Files\GameObjects\DynamicObjects\Enemies">
      <UniqueIdentifier>{536ce601-463e-4331-ad7e-81089c8b3248}</UniqueIdentifier>
    </Filter>
    <Filter Include="Source Files\GameObjects\DynamicObjects">
      <UniqueIdentifier>{81175772-0bde-4293-9ec3-fa6e62143572}</UniqueIdentifier>
    </Filter>
    <Filter Include="Source Files\GameObjects\DynamicObjects\Enemies">
      <UniqueIdentifier>{cb504505-f8d0-4644-be40-91c9fd202c80}</UniqueIdentifier>
    </Filter>
    <Filter Include="Header Files\GameObjects\Decorations">
      <UniqueIdentifier>{09caaaed-7b6d-4c5f-8347-b9e5221e5a66}</UniqueIdentifier>
    </Filter>
    <Filter Include="Source Files\GameObjects\Decorations">
      <UniqueIdentifier>{cfb4d1e6-5ec3-49c0-a5a4-265dbc235330}</UniqueIdentifier>
    </Filter>
    <Filter Include="Source Files\Weapons">
      <UniqueIdentifier>{0ee960d5-5665-4701-9edc-f6580255c7c0}</UniqueIdentifier>
    </Filter>
    <Filter Include="Header Files\Weapons">
      <UniqueIdentifier>{4aaf9deb-8af7-438b-8986-e80ddadd4b3f}</UniqueIdentifier>
    </Filter>
  </ItemGroup>
  <ItemGroup>
    <ClInclude Include="ConsoleGameEngine.h">
      <Filter>Header Files</Filter>
    </ClInclude>
    <ClInclude Include="EngineFPS.h">
      <Filter>Header Files</Filter>
    </ClInclude>
    <ClInclude Include="Node.h">
      <Filter>Header Files\Pathfinding</Filter>
    </ClInclude>
    <ClInclude Include="Pathfinder.h">
      <Filter>Header Files\Pathfinding</Filter>
    </ClInclude>
    <ClInclude Include="Wall.h">
      <Filter>Header Files\GameObjects\Walls</Filter>
    </ClInclude>
    <ClInclude Include="Door.h">
      <Filter>Header Files\GameObjects\Walls</Filter>
    </ClInclude>
    <ClInclude Include="Item.h">
      <Filter>Header Files\GameObjects\Items</Filter>
    </ClInclude>
    <ClInclude Include="WeaponItem.h">
      <Filter>Header Files\GameObjects\Items</Filter>
    </ClInclude>
    <ClInclude Include="AmmoItem.h">
      <Filter>Header Files\GameObjects\Items</Filter>
    </ClInclude>
    <ClInclude Include="ScoreItem.h">
      <Filter>Header Files\GameObjects\Items</Filter>
    </ClInclude>
    <ClInclude Include="HealthItem.h">
      <Filter>Header Files\GameObjects\Items</Filter>
    </ClInclude>
    <ClInclude Include="DynamicObject.h">
      <Filter>Header Files\GameObjects\DynamicObjects</Filter>
    </ClInclude>
    <ClInclude Include="Mob.h">
      <Filter>Header Files\GameObjects\DynamicObjects</Filter>
    </ClInclude>
    <ClInclude Include="Player.h">
      <Filter>Header Files\GameObjects\DynamicObjects</Filter>
    </ClInclude>
    <ClInclude Include="Enemy.h">
      <Filter>Header Files\GameObjects\DynamicObjects\Enemies</Filter>
    </ClInclude>
    <ClInclude Include="Guard.h">
      <Filter>Header Files\GameObjects\DynamicObjects\Enemies</Filter>
    </ClInclude>
    <ClInclude Include="Decoration.h">
      <Filter>Header Files\GameObjects\Decorations</Filter>
    </ClInclude>
    <ClInclude Include="GameObject.h">
      <Filter>Header Files\GameObjects</Filter>
    </ClInclude>
    <ClInclude Include="Weapon.h">
      <Filter>Header Files\Weapons</Filter>
    </ClInclude>
    <ClInclude Include="Pistol.h">
      <Filter>Header Files\Weapons</Filter>
    </ClInclude>
    <ClInclude Include="MachineGun.h">
      <Filter>Header Files\Weapons</Filter>
    </ClInclude>
  </ItemGroup>
  <ItemGroup>
    <ClCompile Include="EngineFPS.cpp">
      <Filter>Source Files</Filter>
    </ClCompile>
    <ClCompile Include="ConsoleGameEngine.cpp">
      <Filter>Source Files</Filter>
    </ClCompile>
    <ClCompile Include="GameObject.cpp">
      <Filter>Source Files\GameObjects</Filter>
    </ClCompile>
    <ClCompile Include="Main.cpp">
      <Filter>Source Files</Filter>
    </ClCompile>
    <ClCompile Include="Pathfinder.cpp">
      <Filter>Source Files\Pathfinding</Filter>
    </ClCompile>
    <ClCompile Include="Wall.cpp">
      <Filter>Source Files\GameObjects\Walls</Filter>
    </ClCompile>
    <ClCompile Include="Door.cpp">
      <Filter>Source Files\GameObjects\Walls</Filter>
    </ClCompile>
    <ClCompile Include="Item.cpp">
      <Filter>Source Files\GameObjects\Items</Filter>
    </ClCompile>
    <ClCompile Include="WeaponItem.cpp">
      <Filter>Source Files\GameObjects\Items</Filter>
    </ClCompile>
    <ClCompile Include="AmmoItem.cpp">
      <Filter>Source Files\GameObjects\Items</Filter>
    </ClCompile>
    <ClCompile Include="ScoreItem.cpp">
      <Filter>Source Files\GameObjects\Items</Filter>
    </ClCompile>
    <ClCompile Include="HealthItem.cpp">
      <Filter>Source Files\GameObjects\Items</Filter>
    </ClCompile>
    <ClCompile Include="DynamicObject.cpp">
      <Filter>Source Files\GameObjects\DynamicObjects</Filter>
    </ClCompile>
    <ClCompile Include="Enemy.cpp">
      <Filter>Source Files\GameObjects\DynamicObjects\Enemies</Filter>
    </ClCompile>
    <ClCompile Include="Mob.cpp">
      <Filter>Source Files\GameObjects\DynamicObjects</Filter>
    </ClCompile>
    <ClCompile Include="Player.cpp">
      <Filter>Source Files\GameObjects\DynamicObjects</Filter>
    </ClCompile>
    <ClCompile Include="Guard.cpp">
      <Filter>Source Files\GameObjects\DynamicObjects\Enemies</Filter>
    </ClCompile>
    <ClCompile Include="Decoration.cpp">
      <Filter>Source Files\GameObjects\Decorations</Filter>
    </ClCompile>
    <ClCompile Include="Weapon.cpp">
      <Filter>Source Files\Weapons</Filter>
    </ClCompile>
    <ClCompile Include="Pistol.cpp">
      <Filter>Source Files\Weapons</Filter>
    </ClCompile>
    <ClCompile Include="MachineGun.cpp">
      <Filter>Source Files\Weapons</Filter>
    </ClCompile>
  </ItemGroup>
</Project>